// !$*UTF8*$!
{
	archiveVersion = 1;
	classes = {
	};
	objectVersion = 50;
	objects = {

/* Begin PBXBuildFile section */
		0A09611486BED980F2A3B834 /* Pods_NextWeatherWidget.framework in Frameworks */ = {isa = PBXBuildFile; fileRef = 9EC309909BA01F323A9938D4 /* Pods_NextWeatherWidget.framework */; };
		B0B4410B21CDD37900DBC1D6 /* AppDelegate.swift in Sources */ = {isa = PBXBuildFile; fileRef = B0B4410A21CDD37900DBC1D6 /* AppDelegate.swift */; };
		B0B4410D21CDD37900DBC1D6 /* ViewController.swift in Sources */ = {isa = PBXBuildFile; fileRef = B0B4410C21CDD37900DBC1D6 /* ViewController.swift */; };
		B0B4411021CDD37900DBC1D6 /* Main.storyboard in Resources */ = {isa = PBXBuildFile; fileRef = B0B4410E21CDD37900DBC1D6 /* Main.storyboard */; };
		B0B4411221CDD37A00DBC1D6 /* Assets.xcassets in Resources */ = {isa = PBXBuildFile; fileRef = B0B4411121CDD37A00DBC1D6 /* Assets.xcassets */; };
		B0B4411521CDD37A00DBC1D6 /* LaunchScreen.storyboard in Resources */ = {isa = PBXBuildFile; fileRef = B0B4411321CDD37A00DBC1D6 /* LaunchScreen.storyboard */; };
		B0B4412321CDD3A600DBC1D6 /* NotificationCenter.framework in Frameworks */ = {isa = PBXBuildFile; fileRef = B0B4412221CDD3A600DBC1D6 /* NotificationCenter.framework */; };
		B0B4412621CDD3A600DBC1D6 /* TodayViewController.swift in Sources */ = {isa = PBXBuildFile; fileRef = B0B4412521CDD3A600DBC1D6 /* TodayViewController.swift */; };
		B0B4412921CDD3A600DBC1D6 /* MainInterface.storyboard in Resources */ = {isa = PBXBuildFile; fileRef = B0B4412721CDD3A600DBC1D6 /* MainInterface.storyboard */; };
		B0B4412D21CDD3A600DBC1D6 /* NextWeatherWidget.appex in Embed App Extensions */ = {isa = PBXBuildFile; fileRef = B0B4412021CDD3A600DBC1D6 /* NextWeatherWidget.appex */; settings = {ATTRIBUTES = (RemoveHeadersOnCopy, ); }; };
		C5FCF344350AE5C852DBA192 /* Pods_NextWeather.framework in Frameworks */ = {isa = PBXBuildFile; fileRef = 5CAE3FA6CC436F9B2E837C5F /* Pods_NextWeather.framework */; };
/* End PBXBuildFile section */

/* Begin PBXContainerItemProxy section */
		B0B4412B21CDD3A600DBC1D6 /* PBXContainerItemProxy */ = {
			isa = PBXContainerItemProxy;
			containerPortal = B0B440FF21CDD37900DBC1D6 /* Project object */;
			proxyType = 1;
			remoteGlobalIDString = B0B4411F21CDD3A600DBC1D6;
			remoteInfo = NextWeatherWidget;
		};
/* End PBXContainerItemProxy section */

/* Begin PBXCopyFilesBuildPhase section */
		B0B4413121CDD3A600DBC1D6 /* Embed App Extensions */ = {
			isa = PBXCopyFilesBuildPhase;
			buildActionMask = 2147483647;
			dstPath = "";
			dstSubfolderSpec = 13;
			files = (
				B0B4412D21CDD3A600DBC1D6 /* NextWeatherWidget.appex in Embed App Extensions */,
			);
			name = "Embed App Extensions";
			runOnlyForDeploymentPostprocessing = 0;
		};
/* End PBXCopyFilesBuildPhase section */

/* Begin PBXFileReference section */
		45773F8CB5AF72E4E39848AD /* Pods-NextWeather.release.xcconfig */ = {isa = PBXFileReference; includeInIndex = 1; lastKnownFileType = text.xcconfig; name = "Pods-NextWeather.release.xcconfig"; path = "Pods/Target Support Files/Pods-NextWeather/Pods-NextWeather.release.xcconfig"; sourceTree = "<group>"; };
		5C52EB7B7EC00CBF064CD1B6 /* Pods-NextWeather.debug.xcconfig */ = {isa = PBXFileReference; includeInIndex = 1; lastKnownFileType = text.xcconfig; name = "Pods-NextWeather.debug.xcconfig"; path = "Pods/Target Support Files/Pods-NextWeather/Pods-NextWeather.debug.xcconfig"; sourceTree = "<group>"; };
		5CAE3FA6CC436F9B2E837C5F /* Pods_NextWeather.framework */ = {isa = PBXFileReference; explicitFileType = wrapper.framework; includeInIndex = 0; path = Pods_NextWeather.framework; sourceTree = BUILT_PRODUCTS_DIR; };
		9EC309909BA01F323A9938D4 /* Pods_NextWeatherWidget.framework */ = {isa = PBXFileReference; explicitFileType = wrapper.framework; includeInIndex = 0; path = Pods_NextWeatherWidget.framework; sourceTree = BUILT_PRODUCTS_DIR; };
		B0B4410721CDD37900DBC1D6 /* NextWeather.app */ = {isa = PBXFileReference; explicitFileType = wrapper.application; includeInIndex = 0; path = NextWeather.app; sourceTree = BUILT_PRODUCTS_DIR; };
		B0B4410A21CDD37900DBC1D6 /* AppDelegate.swift */ = {isa = PBXFileReference; lastKnownFileType = sourcecode.swift; path = AppDelegate.swift; sourceTree = "<group>"; };
		B0B4410C21CDD37900DBC1D6 /* ViewController.swift */ = {isa = PBXFileReference; lastKnownFileType = sourcecode.swift; path = ViewController.swift; sourceTree = "<group>"; };
		B0B4410F21CDD37900DBC1D6 /* Base */ = {isa = PBXFileReference; lastKnownFileType = file.storyboard; name = Base; path = Base.lproj/Main.storyboard; sourceTree = "<group>"; };
		B0B4411121CDD37A00DBC1D6 /* Assets.xcassets */ = {isa = PBXFileReference; lastKnownFileType = folder.assetcatalog; path = Assets.xcassets; sourceTree = "<group>"; };
		B0B4411421CDD37A00DBC1D6 /* Base */ = {isa = PBXFileReference; lastKnownFileType = file.storyboard; name = Base; path = Base.lproj/LaunchScreen.storyboard; sourceTree = "<group>"; };
		B0B4411621CDD37A00DBC1D6 /* Info.plist */ = {isa = PBXFileReference; lastKnownFileType = text.plist.xml; path = Info.plist; sourceTree = "<group>"; };
		B0B4412021CDD3A600DBC1D6 /* NextWeatherWidget.appex */ = {isa = PBXFileReference; explicitFileType = "wrapper.app-extension"; includeInIndex = 0; path = NextWeatherWidget.appex; sourceTree = BUILT_PRODUCTS_DIR; };
		B0B4412221CDD3A600DBC1D6 /* NotificationCenter.framework */ = {isa = PBXFileReference; lastKnownFileType = wrapper.framework; name = NotificationCenter.framework; path = System/Library/Frameworks/NotificationCenter.framework; sourceTree = SDKROOT; };
		B0B4412521CDD3A600DBC1D6 /* TodayViewController.swift */ = {isa = PBXFileReference; lastKnownFileType = sourcecode.swift; path = TodayViewController.swift; sourceTree = "<group>"; };
		B0B4412821CDD3A600DBC1D6 /* Base */ = {isa = PBXFileReference; lastKnownFileType = file.storyboard; name = Base; path = Base.lproj/MainInterface.storyboard; sourceTree = "<group>"; };
		B0B4412A21CDD3A600DBC1D6 /* Info.plist */ = {isa = PBXFileReference; lastKnownFileType = text.plist.xml; path = Info.plist; sourceTree = "<group>"; };
		CF1C5419E01740603DBD6AE0 /* Pods-NextWeatherWidget.release.xcconfig */ = {isa = PBXFileReference; includeInIndex = 1; lastKnownFileType = text.xcconfig; name = "Pods-NextWeatherWidget.release.xcconfig"; path = "Pods/Target Support Files/Pods-NextWeatherWidget/Pods-NextWeatherWidget.release.xcconfig"; sourceTree = "<group>"; };
		D21965F8E90A212F7CF48EEB /* Pods-NextWeatherWidget.debug.xcconfig */ = {isa = PBXFileReference; includeInIndex = 1; lastKnownFileType = text.xcconfig; name = "Pods-NextWeatherWidget.debug.xcconfig"; path = "Pods/Target Support Files/Pods-NextWeatherWidget/Pods-NextWeatherWidget.debug.xcconfig"; sourceTree = "<group>"; };
/* End PBXFileReference section */

/* Begin PBXFrameworksBuildPhase section */
		B0B4410421CDD37900DBC1D6 /* Frameworks */ = {
			isa = PBXFrameworksBuildPhase;
			buildActionMask = 2147483647;
			files = (
				C5FCF344350AE5C852DBA192 /* Pods_NextWeather.framework in Frameworks */,
			);
			runOnlyForDeploymentPostprocessing = 0;
		};
		B0B4411D21CDD3A600DBC1D6 /* Frameworks */ = {
			isa = PBXFrameworksBuildPhase;
			buildActionMask = 2147483647;
			files = (
				B0B4412321CDD3A600DBC1D6 /* NotificationCenter.framework in Frameworks */,
				0A09611486BED980F2A3B834 /* Pods_NextWeatherWidget.framework in Frameworks */,
			);
			runOnlyForDeploymentPostprocessing = 0;
		};
/* End PBXFrameworksBuildPhase section */

/* Begin PBXGroup section */
		B0B440FE21CDD37900DBC1D6 = {
			isa = PBXGroup;
			children = (
				B0B4410921CDD37900DBC1D6 /* NextWeather */,
				B0B4412421CDD3A600DBC1D6 /* NextWeatherWidget */,
				B0B4412121CDD3A600DBC1D6 /* Frameworks */,
				B0B4410821CDD37900DBC1D6 /* Products */,
				E6DD57BFF9AB1E4E14B7CAAA /* Pods */,
			);
			sourceTree = "<group>";
		};
		B0B4410821CDD37900DBC1D6 /* Products */ = {
			isa = PBXGroup;
			children = (
				B0B4410721CDD37900DBC1D6 /* NextWeather.app */,
				B0B4412021CDD3A600DBC1D6 /* NextWeatherWidget.appex */,
			);
			name = Products;
			sourceTree = "<group>";
		};
		B0B4410921CDD37900DBC1D6 /* NextWeather */ = {
			isa = PBXGroup;
			children = (
				B0B4410A21CDD37900DBC1D6 /* AppDelegate.swift */,
				B0B4410C21CDD37900DBC1D6 /* ViewController.swift */,
				B0B4410E21CDD37900DBC1D6 /* Main.storyboard */,
				B0B4411121CDD37A00DBC1D6 /* Assets.xcassets */,
				B0B4411321CDD37A00DBC1D6 /* LaunchScreen.storyboard */,
				B0B4411621CDD37A00DBC1D6 /* Info.plist */,
			);
			path = NextWeather;
			sourceTree = "<group>";
		};
		B0B4412121CDD3A600DBC1D6 /* Frameworks */ = {
			isa = PBXGroup;
			children = (
				B0B4412221CDD3A600DBC1D6 /* NotificationCenter.framework */,
				5CAE3FA6CC436F9B2E837C5F /* Pods_NextWeather.framework */,
				9EC309909BA01F323A9938D4 /* Pods_NextWeatherWidget.framework */,
			);
			name = Frameworks;
			sourceTree = "<group>";
		};
		B0B4412421CDD3A600DBC1D6 /* NextWeatherWidget */ = {
			isa = PBXGroup;
			children = (
				B0B4412521CDD3A600DBC1D6 /* TodayViewController.swift */,
				B0B4412A21CDD3A600DBC1D6 /* Info.plist */,
				B0B4412721CDD3A600DBC1D6 /* MainInterface.storyboard */,
			);
			path = NextWeatherWidget;
			sourceTree = "<group>";
		};
		E6DD57BFF9AB1E4E14B7CAAA /* Pods */ = {
			isa = PBXGroup;
			children = (
				5C52EB7B7EC00CBF064CD1B6 /* Pods-NextWeather.debug.xcconfig */,
				45773F8CB5AF72E4E39848AD /* Pods-NextWeather.release.xcconfig */,
				D21965F8E90A212F7CF48EEB /* Pods-NextWeatherWidget.debug.xcconfig */,
				CF1C5419E01740603DBD6AE0 /* Pods-NextWeatherWidget.release.xcconfig */,
			);
			name = Pods;
			sourceTree = "<group>";
		};
/* End PBXGroup section */

/* Begin PBXNativeTarget section */
		B0B4410621CDD37900DBC1D6 /* NextWeather */ = {
			isa = PBXNativeTarget;
			buildConfigurationList = B0B4411921CDD37A00DBC1D6 /* Build configuration list for PBXNativeTarget "NextWeather" */;
			buildPhases = (
				0F8B900F0956D57A67519F39 /* [CP] Check Pods Manifest.lock */,
				B0B4410321CDD37900DBC1D6 /* Sources */,
				B0B4410421CDD37900DBC1D6 /* Frameworks */,
				B0B4410521CDD37900DBC1D6 /* Resources */,
				B0B4413121CDD3A600DBC1D6 /* Embed App Extensions */,
				E80E6F5C58BD8D2EF753448F /* [CP] Embed Pods Frameworks */,
			);
			buildRules = (
			);
			dependencies = (
				B0B4412C21CDD3A600DBC1D6 /* PBXTargetDependency */,
			);
			name = NextWeather;
			productName = NextWeather;
			productReference = B0B4410721CDD37900DBC1D6 /* NextWeather.app */;
			productType = "com.apple.product-type.application";
		};
		B0B4411F21CDD3A600DBC1D6 /* NextWeatherWidget */ = {
			isa = PBXNativeTarget;
			buildConfigurationList = B0B4412E21CDD3A600DBC1D6 /* Build configuration list for PBXNativeTarget "NextWeatherWidget" */;
			buildPhases = (
				66F2126A88DAEA453530A934 /* [CP] Check Pods Manifest.lock */,
				B0B4411C21CDD3A600DBC1D6 /* Sources */,
				B0B4411D21CDD3A600DBC1D6 /* Frameworks */,
				B0B4411E21CDD3A600DBC1D6 /* Resources */,
			);
			buildRules = (
			);
			dependencies = (
			);
			name = NextWeatherWidget;
			productName = NextWeatherWidget;
			productReference = B0B4412021CDD3A600DBC1D6 /* NextWeatherWidget.appex */;
			productType = "com.apple.product-type.app-extension";
		};
/* End PBXNativeTarget section */

/* Begin PBXProject section */
		B0B440FF21CDD37900DBC1D6 /* Project object */ = {
			isa = PBXProject;
			attributes = {
				LastSwiftUpdateCheck = 1010;
				LastUpgradeCheck = 1010;
				ORGANIZATIONNAME = TakuyaAzumaguchi;
				TargetAttributes = {
					B0B4410621CDD37900DBC1D6 = {
						CreatedOnToolsVersion = 10.1;
						LastSwiftMigration = 1020;
					};
					B0B4411F21CDD3A600DBC1D6 = {
						CreatedOnToolsVersion = 10.1;
						LastSwiftMigration = 1020;
					};
				};
			};
			buildConfigurationList = B0B4410221CDD37900DBC1D6 /* Build configuration list for PBXProject "NextWeather" */;
			compatibilityVersion = "Xcode 9.3";
			developmentRegion = en;
			hasScannedForEncodings = 0;
			knownRegions = (
				en,
				Base,
			);
			mainGroup = B0B440FE21CDD37900DBC1D6;
			productRefGroup = B0B4410821CDD37900DBC1D6 /* Products */;
			projectDirPath = "";
			projectRoot = "";
			targets = (
				B0B4410621CDD37900DBC1D6 /* NextWeather */,
				B0B4411F21CDD3A600DBC1D6 /* NextWeatherWidget */,
			);
		};
/* End PBXProject section */

/* Begin PBXResourcesBuildPhase section */
		B0B4410521CDD37900DBC1D6 /* Resources */ = {
			isa = PBXResourcesBuildPhase;
			buildActionMask = 2147483647;
			files = (
				B0B4411521CDD37A00DBC1D6 /* LaunchScreen.storyboard in Resources */,
				B0B4411221CDD37A00DBC1D6 /* Assets.xcassets in Resources */,
				B0B4411021CDD37900DBC1D6 /* Main.storyboard in Resources */,
			);
			runOnlyForDeploymentPostprocessing = 0;
		};
		B0B4411E21CDD3A600DBC1D6 /* Resources */ = {
			isa = PBXResourcesBuildPhase;
			buildActionMask = 2147483647;
			files = (
				B0B4412921CDD3A600DBC1D6 /* MainInterface.storyboard in Resources */,
			);
			runOnlyForDeploymentPostprocessing = 0;
		};
/* End PBXResourcesBuildPhase section */

/* Begin PBXShellScriptBuildPhase section */
		0F8B900F0956D57A67519F39 /* [CP] Check Pods Manifest.lock */ = {
			isa = PBXShellScriptBuildPhase;
			buildActionMask = 2147483647;
			files = (
			);
			inputFileListPaths = (
			);
			inputPaths = (
				"${PODS_PODFILE_DIR_PATH}/Podfile.lock",
				"${PODS_ROOT}/Manifest.lock",
			);
			name = "[CP] Check Pods Manifest.lock";
			outputFileListPaths = (
			);
			outputPaths = (
				"$(DERIVED_FILE_DIR)/Pods-NextWeather-checkManifestLockResult.txt",
			);
			runOnlyForDeploymentPostprocessing = 0;
			shellPath = /bin/sh;
			shellScript = "diff \"${PODS_PODFILE_DIR_PATH}/Podfile.lock\" \"${PODS_ROOT}/Manifest.lock\" > /dev/null\nif [ $? != 0 ] ; then\n    # print error to STDERR\n    echo \"error: The sandbox is not in sync with the Podfile.lock. Run 'pod install' or update your CocoaPods installation.\" >&2\n    exit 1\nfi\n# This output is used by Xcode 'outputs' to avoid re-running this script phase.\necho \"SUCCESS\" > \"${SCRIPT_OUTPUT_FILE_0}\"\n";
			showEnvVarsInLog = 0;
		};
		66F2126A88DAEA453530A934 /* [CP] Check Pods Manifest.lock */ = {
			isa = PBXShellScriptBuildPhase;
			buildActionMask = 2147483647;
			files = (
			);
			inputFileListPaths = (
			);
			inputPaths = (
				"${PODS_PODFILE_DIR_PATH}/Podfile.lock",
				"${PODS_ROOT}/Manifest.lock",
			);
			name = "[CP] Check Pods Manifest.lock";
			outputFileListPaths = (
			);
			outputPaths = (
				"$(DERIVED_FILE_DIR)/Pods-NextWeatherWidget-checkManifestLockResult.txt",
			);
			runOnlyForDeploymentPostprocessing = 0;
			shellPath = /bin/sh;
			shellScript = "diff \"${PODS_PODFILE_DIR_PATH}/Podfile.lock\" \"${PODS_ROOT}/Manifest.lock\" > /dev/null\nif [ $? != 0 ] ; then\n    # print error to STDERR\n    echo \"error: The sandbox is not in sync with the Podfile.lock. Run 'pod install' or update your CocoaPods installation.\" >&2\n    exit 1\nfi\n# This output is used by Xcode 'outputs' to avoid re-running this script phase.\necho \"SUCCESS\" > \"${SCRIPT_OUTPUT_FILE_0}\"\n";
			showEnvVarsInLog = 0;
		};
		E80E6F5C58BD8D2EF753448F /* [CP] Embed Pods Frameworks */ = {
			isa = PBXShellScriptBuildPhase;
			buildActionMask = 2147483647;
			files = (
			);
			inputFileListPaths = (
			);
			inputPaths = (
				"${SRCROOT}/Pods/Target Support Files/Pods-NextWeather/Pods-NextWeather-frameworks.sh",
				"${BUILT_PRODUCTS_DIR}/Kanna/Kanna.framework",
			);
			name = "[CP] Embed Pods Frameworks";
			outputFileListPaths = (
			);
			outputPaths = (
				"${TARGET_BUILD_DIR}/${FRAMEWORKS_FOLDER_PATH}/Kanna.framework",
			);
			runOnlyForDeploymentPostprocessing = 0;
			shellPath = /bin/sh;
			shellScript = "\"${SRCROOT}/Pods/Target Support Files/Pods-NextWeather/Pods-NextWeather-frameworks.sh\"\n";
			showEnvVarsInLog = 0;
		};
/* End PBXShellScriptBuildPhase section */

/* Begin PBXSourcesBuildPhase section */
		B0B4410321CDD37900DBC1D6 /* Sources */ = {
			isa = PBXSourcesBuildPhase;
			buildActionMask = 2147483647;
			files = (
				B0B4410D21CDD37900DBC1D6 /* ViewController.swift in Sources */,
				B0B4410B21CDD37900DBC1D6 /* AppDelegate.swift in Sources */,
			);
			runOnlyForDeploymentPostprocessing = 0;
		};
		B0B4411C21CDD3A600DBC1D6 /* Sources */ = {
			isa = PBXSourcesBuildPhase;
			buildActionMask = 2147483647;
			files = (
				B0B4412621CDD3A600DBC1D6 /* TodayViewController.swift in Sources */,
			);
			runOnlyForDeploymentPostprocessing = 0;
		};
/* End PBXSourcesBuildPhase section */

/* Begin PBXTargetDependency section */
		B0B4412C21CDD3A600DBC1D6 /* PBXTargetDependency */ = {
			isa = PBXTargetDependency;
			target = B0B4411F21CDD3A600DBC1D6 /* NextWeatherWidget */;
			targetProxy = B0B4412B21CDD3A600DBC1D6 /* PBXContainerItemProxy */;
		};
/* End PBXTargetDependency section */

/* Begin PBXVariantGroup section */
		B0B4410E21CDD37900DBC1D6 /* Main.storyboard */ = {
			isa = PBXVariantGroup;
			children = (
				B0B4410F21CDD37900DBC1D6 /* Base */,
			);
			name = Main.storyboard;
			sourceTree = "<group>";
		};
		B0B4411321CDD37A00DBC1D6 /* LaunchScreen.storyboard */ = {
			isa = PBXVariantGroup;
			children = (
				B0B4411421CDD37A00DBC1D6 /* Base */,
			);
			name = LaunchScreen.storyboard;
			sourceTree = "<group>";
		};
		B0B4412721CDD3A600DBC1D6 /* MainInterface.storyboard */ = {
			isa = PBXVariantGroup;
			children = (
				B0B4412821CDD3A600DBC1D6 /* Base */,
			);
			name = MainInterface.storyboard;
			sourceTree = "<group>";
		};
/* End PBXVariantGroup section */

/* Begin XCBuildConfiguration section */
		B0B4411721CDD37A00DBC1D6 /* Debug */ = {
			isa = XCBuildConfiguration;
			buildSettings = {
				ALWAYS_SEARCH_USER_PATHS = NO;
				CLANG_ANALYZER_NONNULL = YES;
				CLANG_ANALYZER_NUMBER_OBJECT_CONVERSION = YES_AGGRESSIVE;
				CLANG_CXX_LANGUAGE_STANDARD = "gnu++14";
				CLANG_CXX_LIBRARY = "libc++";
				CLANG_ENABLE_MODULES = YES;
				CLANG_ENABLE_OBJC_ARC = YES;
				CLANG_ENABLE_OBJC_WEAK = YES;
				CLANG_WARN_BLOCK_CAPTURE_AUTORELEASING = YES;
				CLANG_WARN_BOOL_CONVERSION = YES;
				CLANG_WARN_COMMA = YES;
				CLANG_WARN_CONSTANT_CONVERSION = YES;
				CLANG_WARN_DEPRECATED_OBJC_IMPLEMENTATIONS = YES;
				CLANG_WARN_DIRECT_OBJC_ISA_USAGE = YES_ERROR;
				CLANG_WARN_DOCUMENTATION_COMMENTS = YES;
				CLANG_WARN_EMPTY_BODY = YES;
				CLANG_WARN_ENUM_CONVERSION = YES;
				CLANG_WARN_INFINITE_RECURSION = YES;
				CLANG_WARN_INT_CONVERSION = YES;
				CLANG_WARN_NON_LITERAL_NULL_CONVERSION = YES;
				CLANG_WARN_OBJC_IMPLICIT_RETAIN_SELF = YES;
				CLANG_WARN_OBJC_LITERAL_CONVERSION = YES;
				CLANG_WARN_OBJC_ROOT_CLASS = YES_ERROR;
				CLANG_WARN_RANGE_LOOP_ANALYSIS = YES;
				CLANG_WARN_STRICT_PROTOTYPES = YES;
				CLANG_WARN_SUSPICIOUS_MOVE = YES;
				CLANG_WARN_UNGUARDED_AVAILABILITY = YES_AGGRESSIVE;
				CLANG_WARN_UNREACHABLE_CODE = YES;
				CLANG_WARN__DUPLICATE_METHOD_MATCH = YES;
				CODE_SIGN_IDENTITY = "iPhone Developer";
				COPY_PHASE_STRIP = NO;
				DEBUG_INFORMATION_FORMAT = dwarf;
				ENABLE_STRICT_OBJC_MSGSEND = YES;
				ENABLE_TESTABILITY = YES;
				GCC_C_LANGUAGE_STANDARD = gnu11;
				GCC_DYNAMIC_NO_PIC = NO;
				GCC_NO_COMMON_BLOCKS = YES;
				GCC_OPTIMIZATION_LEVEL = 0;
				GCC_PREPROCESSOR_DEFINITIONS = (
					"DEBUG=1",
					"$(inherited)",
				);
				GCC_WARN_64_TO_32_BIT_CONVERSION = YES;
				GCC_WARN_ABOUT_RETURN_TYPE = YES_ERROR;
				GCC_WARN_UNDECLARED_SELECTOR = YES;
				GCC_WARN_UNINITIALIZED_AUTOS = YES_AGGRESSIVE;
				GCC_WARN_UNUSED_FUNCTION = YES;
				GCC_WARN_UNUSED_VARIABLE = YES;
				IPHONEOS_DEPLOYMENT_TARGET = 12.1;
				MTL_ENABLE_DEBUG_INFO = INCLUDE_SOURCE;
				MTL_FAST_MATH = YES;
				ONLY_ACTIVE_ARCH = YES;
				SDKROOT = iphoneos;
				SWIFT_ACTIVE_COMPILATION_CONDITIONS = DEBUG;
				SWIFT_OPTIMIZATION_LEVEL = "-Onone";
			};
			name = Debug;
		};
		B0B4411821CDD37A00DBC1D6 /* Release */ = {
			isa = XCBuildConfiguration;
			buildSettings = {
				ALWAYS_SEARCH_USER_PATHS = NO;
				CLANG_ANALYZER_NONNULL = YES;
				CLANG_ANALYZER_NUMBER_OBJECT_CONVERSION = YES_AGGRESSIVE;
				CLANG_CXX_LANGUAGE_STANDARD = "gnu++14";
				CLANG_CXX_LIBRARY = "libc++";
				CLANG_ENABLE_MODULES = YES;
				CLANG_ENABLE_OBJC_ARC = YES;
				CLANG_ENABLE_OBJC_WEAK = YES;
				CLANG_WARN_BLOCK_CAPTURE_AUTORELEASING = YES;
				CLANG_WARN_BOOL_CONVERSION = YES;
				CLANG_WARN_COMMA = YES;
				CLANG_WARN_CONSTANT_CONVERSION = YES;
				CLANG_WARN_DEPRECATED_OBJC_IMPLEMENTATIONS = YES;
				CLANG_WARN_DIRECT_OBJC_ISA_USAGE = YES_ERROR;
				CLANG_WARN_DOCUMENTATION_COMMENTS = YES;
				CLANG_WARN_EMPTY_BODY = YES;
				CLANG_WARN_ENUM_CONVERSION = YES;
				CLANG_WARN_INFINITE_RECURSION = YES;
				CLANG_WARN_INT_CONVERSION = YES;
				CLANG_WARN_NON_LITERAL_NULL_CONVERSION = YES;
				CLANG_WARN_OBJC_IMPLICIT_RETAIN_SELF = YES;
				CLANG_WARN_OBJC_LITERAL_CONVERSION = YES;
				CLANG_WARN_OBJC_ROOT_CLASS = YES_ERROR;
				CLANG_WARN_RANGE_LOOP_ANALYSIS = YES;
				CLANG_WARN_STRICT_PROTOTYPES = YES;
				CLANG_WARN_SUSPICIOUS_MOVE = YES;
				CLANG_WARN_UNGUARDED_AVAILABILITY = YES_AGGRESSIVE;
				CLANG_WARN_UNREACHABLE_CODE = YES;
				CLANG_WARN__DUPLICATE_METHOD_MATCH = YES;
				CODE_SIGN_IDENTITY = "iPhone Developer";
				COPY_PHASE_STRIP = NO;
				DEBUG_INFORMATION_FORMAT = "dwarf-with-dsym";
				ENABLE_NS_ASSERTIONS = NO;
				ENABLE_STRICT_OBJC_MSGSEND = YES;
				GCC_C_LANGUAGE_STANDARD = gnu11;
				GCC_NO_COMMON_BLOCKS = YES;
				GCC_WARN_64_TO_32_BIT_CONVERSION = YES;
				GCC_WARN_ABOUT_RETURN_TYPE = YES_ERROR;
				GCC_WARN_UNDECLARED_SELECTOR = YES;
				GCC_WARN_UNINITIALIZED_AUTOS = YES_AGGRESSIVE;
				GCC_WARN_UNUSED_FUNCTION = YES;
				GCC_WARN_UNUSED_VARIABLE = YES;
				IPHONEOS_DEPLOYMENT_TARGET = 12.1;
				MTL_ENABLE_DEBUG_INFO = NO;
				MTL_FAST_MATH = YES;
				SDKROOT = iphoneos;
				SWIFT_COMPILATION_MODE = wholemodule;
				SWIFT_OPTIMIZATION_LEVEL = "-O";
				VALIDATE_PRODUCT = YES;
			};
			name = Release;
		};
		B0B4411A21CDD37A00DBC1D6 /* Debug */ = {
			isa = XCBuildConfiguration;
			baseConfigurationReference = 5C52EB7B7EC00CBF064CD1B6 /* Pods-NextWeather.debug.xcconfig */;
			buildSettings = {
				ALWAYS_EMBED_SWIFT_STANDARD_LIBRARIES = YES;
				ASSETCATALOG_COMPILER_APPICON_NAME = AppIcon;
				CODE_SIGN_STYLE = Automatic;
				DEVELOPMENT_TEAM = ZY99BCW7N5;
				INFOPLIST_FILE = NextWeather/Info.plist;
				LD_RUNPATH_SEARCH_PATHS = (
					"$(inherited)",
					"@executable_path/Frameworks",
				);
				PRODUCT_BUNDLE_IDENTIFIER = ihcugamuzAayukaT.NextWeather;
				PRODUCT_NAME = "$(TARGET_NAME)";
				SWIFT_VERSION = 5.0;
				TARGETED_DEVICE_FAMILY = "1,2";
			};
			name = Debug;
		};
		B0B4411B21CDD37A00DBC1D6 /* Release */ = {
			isa = XCBuildConfiguration;
			baseConfigurationReference = 45773F8CB5AF72E4E39848AD /* Pods-NextWeather.release.xcconfig */;
			buildSettings = {
				ALWAYS_EMBED_SWIFT_STANDARD_LIBRARIES = YES;
				ASSETCATALOG_COMPILER_APPICON_NAME = AppIcon;
				CODE_SIGN_STYLE = Automatic;
				DEVELOPMENT_TEAM = ZY99BCW7N5;
				INFOPLIST_FILE = NextWeather/Info.plist;
				LD_RUNPATH_SEARCH_PATHS = (
					"$(inherited)",
					"@executable_path/Frameworks",
				);
				PRODUCT_BUNDLE_IDENTIFIER = ihcugamuzAayukaT.NextWeather;
				PRODUCT_NAME = "$(TARGET_NAME)";
				SWIFT_VERSION = 5.0;
				TARGETED_DEVICE_FAMILY = "1,2";
			};
			name = Release;
		};
		B0B4412F21CDD3A600DBC1D6 /* Debug */ = {
			isa = XCBuildConfiguration;
			baseConfigurationReference = D21965F8E90A212F7CF48EEB /* Pods-NextWeatherWidget.debug.xcconfig */;
			buildSettings = {
				CODE_SIGN_STYLE = Automatic;
				DEVELOPMENT_TEAM = ZY99BCW7N5;
				INFOPLIST_FILE = NextWeatherWidget/Info.plist;
				LD_RUNPATH_SEARCH_PATHS = (
					"$(inherited)",
					"@executable_path/Frameworks",
					"@executable_path/../../Frameworks",
				);
				PRODUCT_BUNDLE_IDENTIFIER = ihcugamuzAayukaT.NextWeather.NextWeatherWidget;
				PRODUCT_NAME = "$(TARGET_NAME)";
				SKIP_INSTALL = YES;
				SWIFT_VERSION = 5.0;
				TARGETED_DEVICE_FAMILY = "1,2";
			};
			name = Debug;
		};
		B0B4413021CDD3A600DBC1D6 /* Release */ = {
			isa = XCBuildConfiguration;
			baseConfigurationReference = CF1C5419E01740603DBD6AE0 /* Pods-NextWeatherWidget.release.xcconfig */;
			buildSettings = {
				CODE_SIGN_STYLE = Automatic;
				DEVELOPMENT_TEAM = ZY99BCW7N5;
				INFOPLIST_FILE = NextWeatherWidget/Info.plist;
				LD_RUNPATH_SEARCH_PATHS = (
					"$(inherited)",
					"@executable_path/Frameworks",
					"@executable_path/../../Frameworks",
				);
				PRODUCT_BUNDLE_IDENTIFIER = ihcugamuzAayukaT.NextWeather.NextWeatherWidget;
				PRODUCT_NAME = "$(TARGET_NAME)";
				SKIP_INSTALL = YES;
				SWIFT_VERSION = 5.0;
				TARGETED_DEVICE_FAMILY = "1,2";
			};
			name = Release;
		};
/* End XCBuildConfiguration section */

/* Begin XCConfigurationList section */
		B0B4410221CDD37900DBC1D6 /* Build configuration list for PBXProject "NextWeather" */ = {
			isa = XCConfigurationList;
			buildConfigurations = (
				B0B4411721CDD37A00DBC1D6 /* Debug */,
				B0B4411821CDD37A00DBC1D6 /* Release */,
			);
			defaultConfigurationIsVisible = 0;
			defaultConfigurationName = Release;
		};
		B0B4411921CDD37A00DBC1D6 /* Build configuration list for PBXNativeTarget "NextWeather" */ = {
			isa = XCConfigurationList;
			buildConfigurations = (
				B0B4411A21CDD37A00DBC1D6 /* Debug */,
				B0B4411B21CDD37A00DBC1D6 /* Release */,
			);
			defaultConfigurationIsVisible = 0;
			defaultConfigurationName = Release;
		};
		B0B4412E21CDD3A600DBC1D6 /* Build configuration list for PBXNativeTarget "NextWeatherWidget" */ = {
			isa = XCConfigurationList;
			buildConfigurations = (
				B0B4412F21CDD3A600DBC1D6 /* Debug */,
				B0B4413021CDD3A600DBC1D6 /* Release */,
			);
			defaultConfigurationIsVisible = 0;
			defaultConfigurationName = Release;
		};
/* End XCConfigurationList section */
	};
	rootObject = B0B440FF21CDD37900DBC1D6 /* Project object */;
}
